
Microsoft Visual Studio Solution File, Format Version 12.00
# Visual Studio Version 17
VisualStudioVersion = 17.4.33110.190
MinimumVisualStudioVersion = 10.0.40219.1
Project("{9A19103F-16F7-4668-BE54-9A1E7A4F7556}") = "Practicando", "Practicando\Practicando.csproj", "{3438ADDC-CF37-43B6-9DCB-112DB5A0E4F1}"
EndProject
Global
	GlobalSection(SolutionConfigurationPlatforms) = preSolution
		Debug|Any CPU = Debug|Any CPU
		Release|Any CPU = Release|Any CPU
	EndGlobalSection
	GlobalSection(ProjectConfigurationPlatforms) = postSolution
		{3438ADDC-CF37-43B6-9DCB-112DB5A0E4F1}.Debug|Any CPU.ActiveCfg = Debug|Any CPU
		{3438ADDC-CF37-43B6-9DCB-112DB5A0E4F1}.Debug|Any CPU.Build.0 = Debug|Any CPU
		{3438ADDC-CF37-43B6-9DCB-112DB5A0E4F1}.Release|Any CPU.ActiveCfg = Release|Any CPU
		{3438ADDC-CF37-43B6-9DCB-112DB5A0E4F1}.Release|Any CPU.Build.0 = Release|Any CPU
	EndGlobalSection
	GlobalSection(SolutionProperties) = preSolution
		HideSolutionNode = FALSE
	EndGlobalSection
	GlobalSection(ExtensibilityGlobals) = postSolution
		SolutionGuid = {A20F37C4-C54B-4D5B-A97A-5C171A080C43}
	EndGlobalSection
EndGlobal
