
Microsoft Visual Studio Solution File, Format Version 12.00
# Visual Studio Version 17
VisualStudioVersion = 17.3.32804.467
MinimumVisualStudioVersion = 10.0.40219.1
Project("{FAE04EC0-301F-11D3-BF4B-00C04F79EFBC}") = "CLASE", "CLASE\CLASE.csproj", "{A776863D-1DD3-427F-A953-DDDB73A474B1}"
EndProject
Global
	GlobalSection(SolutionConfigurationPlatforms) = preSolution
		Debug|Any CPU = Debug|Any CPU
		Release|Any CPU = Release|Any CPU
	EndGlobalSection
	GlobalSection(ProjectConfigurationPlatforms) = postSolution
		{A776863D-1DD3-427F-A953-DDDB73A474B1}.Debug|Any CPU.ActiveCfg = Debug|Any CPU
		{A776863D-1DD3-427F-A953-DDDB73A474B1}.Debug|Any CPU.Build.0 = Debug|Any CPU
		{A776863D-1DD3-427F-A953-DDDB73A474B1}.Release|Any CPU.ActiveCfg = Release|Any CPU
		{A776863D-1DD3-427F-A953-DDDB73A474B1}.Release|Any CPU.Build.0 = Release|Any CPU
	EndGlobalSection
	GlobalSection(SolutionProperties) = preSolution
		HideSolutionNode = FALSE
	EndGlobalSection
	GlobalSection(ExtensibilityGlobals) = postSolution
		SolutionGuid = {20C047D9-4103-4F1E-91AB-1637BD6BD08C}
	EndGlobalSection
EndGlobal
