
Microsoft Visual Studio Solution File, Format Version 12.00
# Visual Studio Version 17
VisualStudioVersion = 17.3.32922.545
MinimumVisualStudioVersion = 10.0.40219.1
Project("{FAE04EC0-301F-11D3-BF4B-00C04F79EFBC}") = "ClaseProyecto", "ClaseProyecto\ClaseProyecto.csproj", "{9349B462-5055-41DD-9F10-246415C527AF}"
EndProject
Global
	GlobalSection(SolutionConfigurationPlatforms) = preSolution
		Debug|Any CPU = Debug|Any CPU
		Release|Any CPU = Release|Any CPU
	EndGlobalSection
	GlobalSection(ProjectConfigurationPlatforms) = postSolution
		{9349B462-5055-41DD-9F10-246415C527AF}.Debug|Any CPU.ActiveCfg = Debug|Any CPU
		{9349B462-5055-41DD-9F10-246415C527AF}.Debug|Any CPU.Build.0 = Debug|Any CPU
		{9349B462-5055-41DD-9F10-246415C527AF}.Release|Any CPU.ActiveCfg = Release|Any CPU
		{9349B462-5055-41DD-9F10-246415C527AF}.Release|Any CPU.Build.0 = Release|Any CPU
	EndGlobalSection
	GlobalSection(SolutionProperties) = preSolution
		HideSolutionNode = FALSE
	EndGlobalSection
	GlobalSection(ExtensibilityGlobals) = postSolution
		SolutionGuid = {08FD879B-8054-4CE7-93FD-89494E3D5070}
	EndGlobalSection
EndGlobal
