
Microsoft Visual Studio Solution File, Format Version 12.00
# Visual Studio Version 17
VisualStudioVersion = 17.3.32922.545
MinimumVisualStudioVersion = 10.0.40219.1
Project("{FAE04EC0-301F-11D3-BF4B-00C04F79EFBC}") = "PracticandoParcial", "PracticandoParcial\PracticandoParcial.csproj", "{CAC1F9B8-D99C-4445-8211-8A41CA54F11C}"
EndProject
Global
	GlobalSection(SolutionConfigurationPlatforms) = preSolution
		Debug|Any CPU = Debug|Any CPU
		Release|Any CPU = Release|Any CPU
	EndGlobalSection
	GlobalSection(ProjectConfigurationPlatforms) = postSolution
		{CAC1F9B8-D99C-4445-8211-8A41CA54F11C}.Debug|Any CPU.ActiveCfg = Debug|Any CPU
		{CAC1F9B8-D99C-4445-8211-8A41CA54F11C}.Debug|Any CPU.Build.0 = Debug|Any CPU
		{CAC1F9B8-D99C-4445-8211-8A41CA54F11C}.Release|Any CPU.ActiveCfg = Release|Any CPU
		{CAC1F9B8-D99C-4445-8211-8A41CA54F11C}.Release|Any CPU.Build.0 = Release|Any CPU
	EndGlobalSection
	GlobalSection(SolutionProperties) = preSolution
		HideSolutionNode = FALSE
	EndGlobalSection
	GlobalSection(ExtensibilityGlobals) = postSolution
		SolutionGuid = {4D716E95-43BF-4DE4-8A3A-371E5E921859}
	EndGlobalSection
EndGlobal
